// !$*UTF8*$!
{
	archiveVersion = 1;
	classes = {
	};
	objectVersion = 50;
	objects = {

/* Begin PBXBuildFile section */
		A93D6CE822F1886C00650822 /* main.swift in Sources */ = {isa = PBXBuildFile; fileRef = A93D6CE722F1886C00650822 /* main.swift */; };
		A93D6CF222F1CE6600650822 /* String.swift in Sources */ = {isa = PBXBuildFile; fileRef = A93D6CF122F1CE6600650822 /* String.swift */; };
		A93D6CF422F1CE7800650822 /* Array.swift in Sources */ = {isa = PBXBuildFile; fileRef = A93D6CF322F1CE7800650822 /* Array.swift */; };
		A93D6CF622F1CE9000650822 /* Dictionary.swift in Sources */ = {isa = PBXBuildFile; fileRef = A93D6CF522F1CE9000650822 /* Dictionary.swift */; };
		A93D6CF922F2AFB100650822 /* Bool.swift in Sources */ = {isa = PBXBuildFile; fileRef = A93D6CF822F2AFB100650822 /* Bool.swift */; };
		A93D6CFB22F2B37800650822 /* Character.swift in Sources */ = {isa = PBXBuildFile; fileRef = A93D6CFA22F2B37800650822 /* Character.swift */; };
		A93D6CFD22F2C4A700650822 /* Optional.swift in Sources */ = {isa = PBXBuildFile; fileRef = A93D6CFC22F2C4A700650822 /* Optional.swift */; };
		A93D6CFF22F2CE5E00650822 /* Set.swift in Sources */ = {isa = PBXBuildFile; fileRef = A93D6CFE22F2CE5E00650822 /* Set.swift */; };
/* End PBXBuildFile section */

/* Begin PBXCopyFilesBuildPhase section */
		A93D6CE222F1886C00650822 /* CopyFiles */ = {
			isa = PBXCopyFilesBuildPhase;
			buildActionMask = 2147483647;
			dstPath = /usr/share/man/man1/;
			dstSubfolderSpec = 0;
			files = (
			);
			runOnlyForDeploymentPostprocessing = 1;
		};
/* End PBXCopyFilesBuildPhase section */

/* Begin PBXFileReference section */
		A93D6CE422F1886C00650822 /* SwiftPointerDemo */ = {isa = PBXFileReference; explicitFileType = "compiled.mach-o.executable"; includeInIndex = 0; path = SwiftPointerDemo; sourceTree = BUILT_PRODUCTS_DIR; };
		A93D6CE722F1886C00650822 /* main.swift */ = {isa = PBXFileReference; lastKnownFileType = sourcecode.swift; path = main.swift; sourceTree = "<group>"; };
		A93D6CF122F1CE6600650822 /* String.swift */ = {isa = PBXFileReference; lastKnownFileType = sourcecode.swift; path = String.swift; sourceTree = "<group>"; };
		A93D6CF322F1CE7800650822 /* Array.swift */ = {isa = PBXFileReference; lastKnownFileType = sourcecode.swift; path = Array.swift; sourceTree = "<group>"; };
		A93D6CF522F1CE9000650822 /* Dictionary.swift */ = {isa = PBXFileReference; lastKnownFileType = sourcecode.swift; path = Dictionary.swift; sourceTree = "<group>"; };
		A93D6CF822F2AFB100650822 /* Bool.swift */ = {isa = PBXFileReference; lastKnownFileType = sourcecode.swift; path = Bool.swift; sourceTree = "<group>"; };
		A93D6CFA22F2B37800650822 /* Character.swift */ = {isa = PBXFileReference; lastKnownFileType = sourcecode.swift; path = Character.swift; sourceTree = "<group>"; };
		A93D6CFC22F2C4A700650822 /* Optional.swift */ = {isa = PBXFileReference; lastKnownFileType = sourcecode.swift; path = Optional.swift; sourceTree = "<group>"; };
		A93D6CFE22F2CE5E00650822 /* Set.swift */ = {isa = PBXFileReference; lastKnownFileType = sourcecode.swift; path = Set.swift; sourceTree = "<group>"; };
/* End PBXFileReference section */

/* Begin PBXFrameworksBuildPhase section */
		A93D6CE122F1886C00650822 /* Frameworks */ = {
			isa = PBXFrameworksBuildPhase;
			buildActionMask = 2147483647;
			files = (
			);
			runOnlyForDeploymentPostprocessing = 0;
		};
/* End PBXFrameworksBuildPhase section */

/* Begin PBXGroup section */
		A93D6CDB22F1886C00650822 = {
			isa = PBXGroup;
			children = (
				A93D6CE622F1886C00650822 /* SwiftPointerDemo */,
				A93D6CE522F1886C00650822 /* Products */,
			);
			sourceTree = "<group>";
		};
		A93D6CE522F1886C00650822 /* Products */ = {
			isa = PBXGroup;
			children = (
				A93D6CE422F1886C00650822 /* SwiftPointerDemo */,
			);
			name = Products;
			sourceTree = "<group>";
		};
		A93D6CE622F1886C00650822 /* SwiftPointerDemo */ = {
			isa = PBXGroup;
			children = (
				A93D6CF022F1CE5500650822 /* SwiftCorePointer */,
				A93D6CE722F1886C00650822 /* main.swift */,
			);
			path = SwiftPointerDemo;
			sourceTree = "<group>";
		};
		A93D6CF022F1CE5500650822 /* SwiftCorePointer */ = {
			isa = PBXGroup;
			children = (
				A93D6CFC22F2C4A700650822 /* Optional.swift */,
				A93D6CF822F2AFB100650822 /* Bool.swift */,
				A93D6CF122F1CE6600650822 /* String.swift */,
				A93D6CFA22F2B37800650822 /* Character.swift */,
				A93D6CF322F1CE7800650822 /* Array.swift */,
				A93D6CF522F1CE9000650822 /* Dictionary.swift */,
				A93D6CFE22F2CE5E00650822 /* Set.swift */,
			);
			path = SwiftCorePointer;
			sourceTree = "<group>";
		};
/* End PBXGroup section */

/* Begin PBXNativeTarget section */
		A93D6CE322F1886C00650822 /* SwiftPointerDemo */ = {
			isa = PBXNativeTarget;
			buildConfigurationList = A93D6CEB22F1886C00650822 /* Build configuration list for PBXNativeTarget "SwiftPointerDemo" */;
			buildPhases = (
				A93D6CE022F1886C00650822 /* Sources */,
				A93D6CE122F1886C00650822 /* Frameworks */,
				A93D6CE222F1886C00650822 /* CopyFiles */,
			);
			buildRules = (
			);
			dependencies = (
			);
			name = SwiftPointerDemo;
			productName = SwiftPointerDemo;
			productReference = A93D6CE422F1886C00650822 /* SwiftPointerDemo */;
			productType = "com.apple.product-type.tool";
		};
/* End PBXNativeTarget section */

/* Begin PBXProject section */
		A93D6CDC22F1886C00650822 /* Project object */ = {
			isa = PBXProject;
			attributes = {
				LastSwiftUpdateCheck = 1020;
				LastUpgradeCheck = 1020;
				ORGANIZATIONNAME = jintao;
				TargetAttributes = {
					A93D6CE322F1886C00650822 = {
						CreatedOnToolsVersion = 10.2.1;
					};
				};
			};
			buildConfigurationList = A93D6CDF22F1886C00650822 /* Build configuration list for PBXProject "SwiftPointerDemo" */;
			compatibilityVersion = "Xcode 9.3";
			developmentRegion = en;
			hasScannedForEncodings = 0;
			knownRegions = (
				en,
			);
			mainGroup = A93D6CDB22F1886C00650822;
			productRefGroup = A93D6CE522F1886C00650822 /* Products */;
			projectDirPath = "";
			projectRoot = "";
			targets = (
				A93D6CE322F1886C00650822 /* SwiftPointerDemo */,
			);
		};
/* End PBXProject section */

/* Begin PBXSourcesBuildPhase section */
		A93D6CE022F1886C00650822 /* Sources */ = {
			isa = PBXSourcesBuildPhase;
			buildActionMask = 2147483647;
			files = (
				A93D6CFF22F2CE5E00650822 /* Set.swift in Sources */,
				A93D6CF222F1CE6600650822 /* String.swift in Sources */,
				A93D6CF622F1CE9000650822 /* Dictionary.swift in Sources */,
				A93D6CF422F1CE7800650822 /* Array.swift in Sources */,
				A93D6CFD22F2C4A700650822 /* Optional.swift in Sources */,
				A93D6CFB22F2B37800650822 /* Character.swift in Sources */,
				A93D6CF922F2AFB100650822 /* Bool.swift in Sources */,
				A93D6CE822F1886C00650822 /* main.swift in Sources */,
			);
			runOnlyForDeploymentPostprocessing = 0;
		};
/* End PBXSourcesBuildPhase section */

/* Begin XCBuildConfiguration section */
		A93D6CE922F1886C00650822 /* Debug */ = {
			isa = XCBuildConfiguration;
			buildSettings = {
				ALWAYS_SEARCH_USER_PATHS = NO;
				CLANG_ANALYZER_NONNULL = YES;
				CLANG_ANALYZER_NUMBER_OBJECT_CONVERSION = YES_AGGRESSIVE;
				CLANG_CXX_LANGUAGE_STANDARD = "gnu++14";
				CLANG_CXX_LIBRARY = "libc++";
				CLANG_ENABLE_MODULES = YES;
				CLANG_ENABLE_OBJC_ARC = YES;
				CLANG_ENABLE_OBJC_WEAK = YES;
				CLANG_WARN_BLOCK_CAPTURE_AUTORELEASING = YES;
				CLANG_WARN_BOOL_CONVERSION = YES;
				CLANG_WARN_COMMA = YES;
				CLANG_WARN_CONSTANT_CONVERSION = YES;
				CLANG_WARN_DEPRECATED_OBJC_IMPLEMENTATIONS = YES;
				CLANG_WARN_DIRECT_OBJC_ISA_USAGE = YES_ERROR;
				CLANG_WARN_DOCUMENTATION_COMMENTS = YES;
				CLANG_WARN_EMPTY_BODY = YES;
				CLANG_WARN_ENUM_CONVERSION = YES;
				CLANG_WARN_INFINITE_RECURSION = YES;
				CLANG_WARN_INT_CONVERSION = YES;
				CLANG_WARN_NON_LITERAL_NULL_CONVERSION = YES;
				CLANG_WARN_OBJC_IMPLICIT_RETAIN_SELF = YES;
				CLANG_WARN_OBJC_LITERAL_CONVERSION = YES;
				CLANG_WARN_OBJC_ROOT_CLASS = YES_ERROR;
				CLANG_WARN_RANGE_LOOP_ANALYSIS = YES;
				CLANG_WARN_STRICT_PROTOTYPES = YES;
				CLANG_WARN_SUSPICIOUS_MOVE = YES;
				CLANG_WARN_UNGUARDED_AVAILABILITY = YES_AGGRESSIVE;
				CLANG_WARN_UNREACHABLE_CODE = YES;
				CLANG_WARN__DUPLICATE_METHOD_MATCH = YES;
				CODE_SIGN_IDENTITY = "Mac Developer";
				COPY_PHASE_STRIP = NO;
				DEBUG_INFORMATION_FORMAT = dwarf;
				ENABLE_STRICT_OBJC_MSGSEND = YES;
				ENABLE_TESTABILITY = YES;
				GCC_C_LANGUAGE_STANDARD = gnu11;
				GCC_DYNAMIC_NO_PIC = NO;
				GCC_NO_COMMON_BLOCKS = YES;
				GCC_OPTIMIZATION_LEVEL = 0;
				GCC_PREPROCESSOR_DEFINITIONS = (
					"DEBUG=1",
					"$(inherited)",
				);
				GCC_WARN_64_TO_32_BIT_CONVERSION = YES;
				GCC_WARN_ABOUT_RETURN_TYPE = YES_ERROR;
				GCC_WARN_UNDECLARED_SELECTOR = YES;
				GCC_WARN_UNINITIALIZED_AUTOS = YES_AGGRESSIVE;
				GCC_WARN_UNUSED_FUNCTION = YES;
				GCC_WARN_UNUSED_VARIABLE = YES;
				MACOSX_DEPLOYMENT_TARGET = 10.14;
				MTL_ENABLE_DEBUG_INFO = INCLUDE_SOURCE;
				MTL_FAST_MATH = YES;
				ONLY_ACTIVE_ARCH = YES;
				SDKROOT = macosx;
				SWIFT_ACTIVE_COMPILATION_CONDITIONS = DEBUG;
				SWIFT_OPTIMIZATION_LEVEL = "-Onone";
			};
			name = Debug;
		};
		A93D6CEA22F1886C00650822 /* Release */ = {
			isa = XCBuildConfiguration;
			buildSettings = {
				ALWAYS_SEARCH_USER_PATHS = NO;
				CLANG_ANALYZER_NONNULL = YES;
				CLANG_ANALYZER_NUMBER_OBJECT_CONVERSION = YES_AGGRESSIVE;
				CLANG_CXX_LANGUAGE_STANDARD = "gnu++14";
				CLANG_CXX_LIBRARY = "libc++";
				CLANG_ENABLE_MODULES = YES;
				CLANG_ENABLE_OBJC_ARC = YES;
				CLANG_ENABLE_OBJC_WEAK = YES;
				CLANG_WARN_BLOCK_CAPTURE_AUTORELEASING = YES;
				CLANG_WARN_BOOL_CONVERSION = YES;
				CLANG_WARN_COMMA = YES;
				CLANG_WARN_CONSTANT_CONVERSION = YES;
				CLANG_WARN_DEPRECATED_OBJC_IMPLEMENTATIONS = YES;
				CLANG_WARN_DIRECT_OBJC_ISA_USAGE = YES_ERROR;
				CLANG_WARN_DOCUMENTATION_COMMENTS = YES;
				CLANG_WARN_EMPTY_BODY = YES;
				CLANG_WARN_ENUM_CONVERSION = YES;
				CLANG_WARN_INFINITE_RECURSION = YES;
				CLANG_WARN_INT_CONVERSION = YES;
				CLANG_WARN_NON_LITERAL_NULL_CONVERSION = YES;
				CLANG_WARN_OBJC_IMPLICIT_RETAIN_SELF = YES;
				CLANG_WARN_OBJC_LITERAL_CONVERSION = YES;
				CLANG_WARN_OBJC_ROOT_CLASS = YES_ERROR;
				CLANG_WARN_RANGE_LOOP_ANALYSIS = YES;
				CLANG_WARN_STRICT_PROTOTYPES = YES;
				CLANG_WARN_SUSPICIOUS_MOVE = YES;
				CLANG_WARN_UNGUARDED_AVAILABILITY = YES_AGGRESSIVE;
				CLANG_WARN_UNREACHABLE_CODE = YES;
				CLANG_WARN__DUPLICATE_METHOD_MATCH = YES;
				CODE_SIGN_IDENTITY = "Mac Developer";
				COPY_PHASE_STRIP = NO;
				DEBUG_INFORMATION_FORMAT = "dwarf-with-dsym";
				ENABLE_NS_ASSERTIONS = NO;
				ENABLE_STRICT_OBJC_MSGSEND = YES;
				GCC_C_LANGUAGE_STANDARD = gnu11;
				GCC_NO_COMMON_BLOCKS = YES;
				GCC_WARN_64_TO_32_BIT_CONVERSION = YES;
				GCC_WARN_ABOUT_RETURN_TYPE = YES_ERROR;
				GCC_WARN_UNDECLARED_SELECTOR = YES;
				GCC_WARN_UNINITIALIZED_AUTOS = YES_AGGRESSIVE;
				GCC_WARN_UNUSED_FUNCTION = YES;
				GCC_WARN_UNUSED_VARIABLE = YES;
				MACOSX_DEPLOYMENT_TARGET = 10.14;
				MTL_ENABLE_DEBUG_INFO = NO;
				MTL_FAST_MATH = YES;
				SDKROOT = macosx;
				SWIFT_COMPILATION_MODE = wholemodule;
				SWIFT_OPTIMIZATION_LEVEL = "-O";
			};
			name = Release;
		};
		A93D6CEC22F1886C00650822 /* Debug */ = {
			isa = XCBuildConfiguration;
			buildSettings = {
				CODE_SIGN_STYLE = Automatic;
				DEVELOPMENT_TEAM = 8HX9UN9S6G;
				PRODUCT_NAME = "$(TARGET_NAME)";
				SWIFT_VERSION = 5.0;
			};
			name = Debug;
		};
		A93D6CED22F1886C00650822 /* Release */ = {
			isa = XCBuildConfiguration;
			buildSettings = {
				CODE_SIGN_STYLE = Automatic;
				DEVELOPMENT_TEAM = 8HX9UN9S6G;
				PRODUCT_NAME = "$(TARGET_NAME)";
				SWIFT_VERSION = 5.0;
			};
			name = Release;
		};
/* End XCBuildConfiguration section */

/* Begin XCConfigurationList section */
		A93D6CDF22F1886C00650822 /* Build configuration list for PBXProject "SwiftPointerDemo" */ = {
			isa = XCConfigurationList;
			buildConfigurations = (
				A93D6CE922F1886C00650822 /* Debug */,
				A93D6CEA22F1886C00650822 /* Release */,
			);
			defaultConfigurationIsVisible = 0;
			defaultConfigurationName = Release;
		};
		A93D6CEB22F1886C00650822 /* Build configuration list for PBXNativeTarget "SwiftPointerDemo" */ = {
			isa = XCConfigurationList;
			buildConfigurations = (
				A93D6CEC22F1886C00650822 /* Debug */,
				A93D6CED22F1886C00650822 /* Release */,
			);
			defaultConfigurationIsVisible = 0;
			defaultConfigurationName = Release;
		};
/* End XCConfigurationList section */
	};
	rootObject = A93D6CDC22F1886C00650822 /* Project object */;
}
